{
	"name": "joi-validator",
	"version": "1.0.0",
	"lockfileVersion": 3,
	"requires": true,
	"packages": {
		"": {
			"name": "joi-validator",
			"version": "1.0.0",
			"license": "MIT",
			"devDependencies": {
				"@types/joi": "^17.2.3",
				"@types/node": "^22.10.9",
				"joi": "^17.13.3",
				"typescript": "^5.7.3"
			}
		},
		"node_modules/@hapi/hoek": {
			"version": "9.3.0",
			"resolved": "https://registry.npmjs.org/@hapi/hoek/-/hoek-9.3.0.tgz",
			"integrity": "sha512-/c6rf4UJlmHlC9b5BaNvzAcFv7HZ2QHaV0D4/HNlBdvFnvQq8RI4kYdhyPCl7Xj+oWvTWQ8ujhqS53LIgAe6KQ==",
			"dev": true
		},
		"node_modules/@hapi/topo": {
			"version": "5.1.0",
			"resolved": "https://registry.npmjs.org/@hapi/topo/-/topo-5.1.0.tgz",
			"integrity": "sha512-foQZKJig7Ob0BMAYBfcJk8d77QtOe7Wo4ox7ff1lQYoNNAb6jwcY1ncdoy2e9wQZzvNy7ODZCYJkK8kzmcAnAg==",
			"dev": true,
			"dependencies": {
				"@hapi/hoek": "^9.0.0"
			}
		},
		"node_modules/@sideway/address": {
			"version": "4.1.5",
			"resolved": "https://registry.npmjs.org/@sideway/address/-/address-4.1.5.tgz",
			"integrity": "sha512-IqO/DUQHUkPeixNQ8n0JA6102hT9CmaljNTPmQ1u8MEhBo/R4Q8eKLN/vGZxuebwOroDB4cbpjheD4+/sKFK4Q==",
			"dev": true,
			"dependencies": {
				"@hapi/hoek": "^9.0.0"
			}
		},
		"node_modules/@sideway/formula": {
			"version": "3.0.1",
			"resolved": "https://registry.npmjs.org/@sideway/formula/-/formula-3.0.1.tgz",
			"integrity": "sha512-/poHZJJVjx3L+zVD6g9KgHfYnb443oi7wLu/XKojDviHy6HOEOA6z1Trk5aR1dGcmPenJEgb2sK2I80LeS3MIg==",
			"dev": true
		},
		"node_modules/@sideway/pinpoint": {
			"version": "2.0.0",
			"resolved": "https://registry.npmjs.org/@sideway/pinpoint/-/pinpoint-2.0.0.tgz",
			"integrity": "sha512-RNiOoTPkptFtSVzQevY/yWtZwf/RxyVnPy/OcA9HBM3MlGDnBEYL5B41H0MTn0Uec8Hi+2qUtTfG2WWZBmMejQ==",
			"dev": true
		},
		"node_modules/@types/joi": {
			"version": "17.2.3",
			"resolved": "https://registry.npmjs.org/@types/joi/-/joi-17.2.3.tgz",
			"integrity": "sha512-dGjs/lhrWOa+eO0HwgxCSnDm5eMGCsXuvLglMghJq32F6q5LyyNuXb41DHzrg501CKNOSSAHmfB7FDGeUnDmzw==",
			"deprecated": "This is a stub types definition. joi provides its own type definitions, so you do not need this installed.",
			"dev": true,
			"dependencies": {
				"joi": "*"
			}
		},
		"node_modules/@types/node": {
			"version": "22.10.9",
			"resolved": "https://registry.npmjs.org/@types/node/-/node-22.10.9.tgz",
			"integrity": "sha512-Ir6hwgsKyNESl/gLOcEz3krR4CBGgliDqBQ2ma4wIhEx0w+xnoeTq3tdrNw15kU3SxogDjOgv9sqdtLW8mIHaw==",
			"dev": true,
			"dependencies": {
				"undici-types": "~6.20.0"
			}
		},
		"node_modules/joi": {
			"version": "17.13.3",
			"resolved": "https://registry.npmjs.org/joi/-/joi-17.13.3.tgz",
			"integrity": "sha512-otDA4ldcIx+ZXsKHWmp0YizCweVRZG96J10b0FevjfuncLO1oX59THoAmHkNubYJ+9gWsYsp5k8v4ib6oDv1fA==",
			"dev": true,
			"dependencies": {
				"@hapi/hoek": "^9.3.0",
				"@hapi/topo": "^5.1.0",
				"@sideway/address": "^4.1.5",
				"@sideway/formula": "^3.0.1",
				"@sideway/pinpoint": "^2.0.0"
			}
		},
		"node_modules/typescript": {
			"version": "5.7.3",
			"resolved": "https://registry.npmjs.org/typescript/-/typescript-5.7.3.tgz",
			"integrity": "sha512-84MVSjMEHP+FQRPy3pX9sTVV/INIex71s9TL2Gm5FG/WG1SqXeKyZ0k7/blY/4FdOzI12CBy1vGc4og/eus0fw==",
			"dev": true,
			"bin": {
				"tsc": "bin/tsc",
				"tsserver": "bin/tsserver"
			},
			"engines": {
				"node": ">=14.17"
			}
		},
		"node_modules/undici-types": {
			"version": "6.20.0",
			"resolved": "https://registry.npmjs.org/undici-types/-/undici-types-6.20.0.tgz",
			"integrity": "sha512-Ny6QZ2Nju20vw1SRHe3d9jVu6gJ+4e3+MMpqu7pqE5HT6WsTSlce++GQmK5UXS8mzV8DSYHrQH+Xrf2jVcuKNg==",
			"dev": true
		}
	}
}
